// !$*UTF8*$!
{
	archiveVersion = 1;
	classes = {
	};
	objectVersion = 50;
	objects = {

/* Begin PBXBuildFile section */
		378AED3223231E5B0085DFF9 /* Routes.swift in Sources */ = {isa = PBXBuildFile; fileRef = 378AED3123231E5B0085DFF9 /* Routes.swift */; };
		378AED3423231EBF0085DFF9 /* RouteTypesView.swift in Sources */ = {isa = PBXBuildFile; fileRef = 378AED3323231EBF0085DFF9 /* RouteTypesView.swift */; };
		378AED3623231F6A0085DFF9 /* RoutesView.swift in Sources */ = {isa = PBXBuildFile; fileRef = 378AED3523231F6A0085DFF9 /* RoutesView.swift */; };
		378AED38232330200085DFF9 /* StopsOnRoute.swift in Sources */ = {isa = PBXBuildFile; fileRef = 378AED37232330200085DFF9 /* StopsOnRoute.swift */; };
		378AED3A232330650085DFF9 /* RouteView.swift in Sources */ = {isa = PBXBuildFile; fileRef = 378AED39232330650085DFF9 /* RouteView.swift */; };
		378AED3C232333050085DFF9 /* StopsView.swift in Sources */ = {isa = PBXBuildFile; fileRef = 378AED3B232333050085DFF9 /* StopsView.swift */; };
		FA0DFFD7231E74EC00CB8B0A /* AppDelegate.swift in Sources */ = {isa = PBXBuildFile; fileRef = FA0DFFD6231E74EC00CB8B0A /* AppDelegate.swift */; };
		FA0DFFD9231E74EC00CB8B0A /* SceneDelegate.swift in Sources */ = {isa = PBXBuildFile; fileRef = FA0DFFD8231E74EC00CB8B0A /* SceneDelegate.swift */; };
		FA0DFFDB231E74EC00CB8B0A /* ContentView.swift in Sources */ = {isa = PBXBuildFile; fileRef = FA0DFFDA231E74EC00CB8B0A /* ContentView.swift */; };
		FA0DFFDD231E74EE00CB8B0A /* Assets.xcassets in Resources */ = {isa = PBXBuildFile; fileRef = FA0DFFDC231E74EE00CB8B0A /* Assets.xcassets */; };
		FA0DFFE0231E74EE00CB8B0A /* Preview Assets.xcassets in Resources */ = {isa = PBXBuildFile; fileRef = FA0DFFDF231E74EE00CB8B0A /* Preview Assets.xcassets */; };
		FA0DFFE3231E74EE00CB8B0A /* LaunchScreen.storyboard in Resources */ = {isa = PBXBuildFile; fileRef = FA0DFFE1231E74EE00CB8B0A /* LaunchScreen.storyboard */; };
		FA0DFFEB231E78A200CB8B0A /* PTV.swift in Sources */ = {isa = PBXBuildFile; fileRef = FA0DFFEA231E78A200CB8B0A /* PTV.swift */; };
		FA591F8823233A9A0066AD7A /* PTVFixtures.swift in Sources */ = {isa = PBXBuildFile; fileRef = FA591F8723233A9A0066AD7A /* PTVFixtures.swift */; };
		FA591F8B23233AB30066AD7A /* route_types.json in Resources */ = {isa = PBXBuildFile; fileRef = FA591F8A23233AB30066AD7A /* route_types.json */; };
		FA591F8D23233AE40066AD7A /* routes.json in Resources */ = {isa = PBXBuildFile; fileRef = FA591F8C23233AE40066AD7A /* routes.json */; };
		FA591F8F23233B2D0066AD7A /* stops_route.json in Resources */ = {isa = PBXBuildFile; fileRef = FA591F8E23233B2D0066AD7A /* stops_route.json */; };
		FA591F9123233F4B0066AD7A /* Endpoint.swift in Sources */ = {isa = PBXBuildFile; fileRef = FA591F9023233F4B0066AD7A /* Endpoint.swift */; };
		FA591F9323233F860066AD7A /* PTVAPIAdapter.swift in Sources */ = {isa = PBXBuildFile; fileRef = FA591F9223233F860066AD7A /* PTVAPIAdapter.swift */; };
		FA591F95232342040066AD7A /* PTVFixturesAdapter.swift in Sources */ = {isa = PBXBuildFile; fileRef = FA591F94232342040066AD7A /* PTVFixturesAdapter.swift */; };
		FA591F9723234DF20066AD7A /* route.json in Resources */ = {isa = PBXBuildFile; fileRef = FA591F9623234DF20066AD7A /* route.json */; };
		FA6C703A2321B24A007AA5C7 /* PTV+API.swift in Sources */ = {isa = PBXBuildFile; fileRef = FA6C70392321B24A007AA5C7 /* PTV+API.swift */; };
		FA6C703C2321B25F007AA5C7 /* PTV+Models.swift in Sources */ = {isa = PBXBuildFile; fileRef = FA6C703B2321B25F007AA5C7 /* PTV+Models.swift */; };
		FA6C703E2321B2A9007AA5C7 /* Data+hexEncodedString.swift in Sources */ = {isa = PBXBuildFile; fileRef = FA6C703D2321B2A9007AA5C7 /* Data+hexEncodedString.swift */; };
		FA6C70442321B63A007AA5C7 /* EndpointLoader.swift in Sources */ = {isa = PBXBuildFile; fileRef = FA6C70432321B63A007AA5C7 /* EndpointLoader.swift */; };
		FA6C70452321B7CE007AA5C7 /* RouteTypes.swift in Sources */ = {isa = PBXBuildFile; fileRef = FA6C703F2321B2E3007AA5C7 /* RouteTypes.swift */; };
/* End PBXBuildFile section */

/* Begin PBXFileReference section */
		378AED3123231E5B0085DFF9 /* Routes.swift */ = {isa = PBXFileReference; lastKnownFileType = sourcecode.swift; path = Routes.swift; sourceTree = "<group>"; };
		378AED3323231EBF0085DFF9 /* RouteTypesView.swift */ = {isa = PBXFileReference; lastKnownFileType = sourcecode.swift; path = RouteTypesView.swift; sourceTree = "<group>"; };
		378AED3523231F6A0085DFF9 /* RoutesView.swift */ = {isa = PBXFileReference; lastKnownFileType = sourcecode.swift; path = RoutesView.swift; sourceTree = "<group>"; };
		378AED37232330200085DFF9 /* StopsOnRoute.swift */ = {isa = PBXFileReference; lastKnownFileType = sourcecode.swift; path = StopsOnRoute.swift; sourceTree = "<group>"; };
		378AED39232330650085DFF9 /* RouteView.swift */ = {isa = PBXFileReference; lastKnownFileType = sourcecode.swift; path = RouteView.swift; sourceTree = "<group>"; };
		378AED3B232333050085DFF9 /* StopsView.swift */ = {isa = PBXFileReference; lastKnownFileType = sourcecode.swift; path = StopsView.swift; sourceTree = "<group>"; };
		FA0DFFD3231E74EC00CB8B0A /* SwiftPlayground.app */ = {isa = PBXFileReference; explicitFileType = wrapper.application; includeInIndex = 0; path = SwiftPlayground.app; sourceTree = BUILT_PRODUCTS_DIR; };
		FA0DFFD6231E74EC00CB8B0A /* AppDelegate.swift */ = {isa = PBXFileReference; lastKnownFileType = sourcecode.swift; path = AppDelegate.swift; sourceTree = "<group>"; };
		FA0DFFD8231E74EC00CB8B0A /* SceneDelegate.swift */ = {isa = PBXFileReference; lastKnownFileType = sourcecode.swift; path = SceneDelegate.swift; sourceTree = "<group>"; };
		FA0DFFDA231E74EC00CB8B0A /* ContentView.swift */ = {isa = PBXFileReference; lastKnownFileType = sourcecode.swift; path = ContentView.swift; sourceTree = "<group>"; };
		FA0DFFDC231E74EE00CB8B0A /* Assets.xcassets */ = {isa = PBXFileReference; lastKnownFileType = folder.assetcatalog; path = Assets.xcassets; sourceTree = "<group>"; };
		FA0DFFDF231E74EE00CB8B0A /* Preview Assets.xcassets */ = {isa = PBXFileReference; lastKnownFileType = folder.assetcatalog; path = "Preview Assets.xcassets"; sourceTree = "<group>"; };
		FA0DFFE2231E74EE00CB8B0A /* Base */ = {isa = PBXFileReference; lastKnownFileType = file.storyboard; name = Base; path = Base.lproj/LaunchScreen.storyboard; sourceTree = "<group>"; };
		FA0DFFE4231E74EE00CB8B0A /* Info.plist */ = {isa = PBXFileReference; lastKnownFileType = text.plist.xml; path = Info.plist; sourceTree = "<group>"; };
		FA0DFFEA231E78A200CB8B0A /* PTV.swift */ = {isa = PBXFileReference; lastKnownFileType = sourcecode.swift; path = PTV.swift; sourceTree = "<group>"; };
		FA591F8723233A9A0066AD7A /* PTVFixtures.swift */ = {isa = PBXFileReference; lastKnownFileType = sourcecode.swift; path = PTVFixtures.swift; sourceTree = "<group>"; };
		FA591F8A23233AB30066AD7A /* route_types.json */ = {isa = PBXFileReference; lastKnownFileType = text.json; path = route_types.json; sourceTree = "<group>"; };
		FA591F8C23233AE40066AD7A /* routes.json */ = {isa = PBXFileReference; lastKnownFileType = text.json; path = routes.json; sourceTree = "<group>"; };
		FA591F8E23233B2D0066AD7A /* stops_route.json */ = {isa = PBXFileReference; lastKnownFileType = text.json; path = stops_route.json; sourceTree = "<group>"; };
		FA591F9023233F4B0066AD7A /* Endpoint.swift */ = {isa = PBXFileReference; lastKnownFileType = sourcecode.swift; path = Endpoint.swift; sourceTree = "<group>"; };
		FA591F9223233F860066AD7A /* PTVAPIAdapter.swift */ = {isa = PBXFileReference; lastKnownFileType = sourcecode.swift; path = PTVAPIAdapter.swift; sourceTree = "<group>"; };
		FA591F94232342040066AD7A /* PTVFixturesAdapter.swift */ = {isa = PBXFileReference; lastKnownFileType = sourcecode.swift; path = PTVFixturesAdapter.swift; sourceTree = "<group>"; };
		FA591F9623234DF20066AD7A /* route.json */ = {isa = PBXFileReference; lastKnownFileType = text.json; path = route.json; sourceTree = "<group>"; };
		FA6C70392321B24A007AA5C7 /* PTV+API.swift */ = {isa = PBXFileReference; lastKnownFileType = sourcecode.swift; path = "PTV+API.swift"; sourceTree = "<group>"; };
		FA6C703B2321B25F007AA5C7 /* PTV+Models.swift */ = {isa = PBXFileReference; lastKnownFileType = sourcecode.swift; path = "PTV+Models.swift"; sourceTree = "<group>"; };
		FA6C703D2321B2A9007AA5C7 /* Data+hexEncodedString.swift */ = {isa = PBXFileReference; lastKnownFileType = sourcecode.swift; path = "Data+hexEncodedString.swift"; sourceTree = "<group>"; };
		FA6C703F2321B2E3007AA5C7 /* RouteTypes.swift */ = {isa = PBXFileReference; lastKnownFileType = sourcecode.swift; path = RouteTypes.swift; sourceTree = "<group>"; };
		FA6C70432321B63A007AA5C7 /* EndpointLoader.swift */ = {isa = PBXFileReference; lastKnownFileType = sourcecode.swift; path = EndpointLoader.swift; sourceTree = "<group>"; };
/* End PBXFileReference section */

/* Begin PBXFrameworksBuildPhase section */
		FA0DFFD0231E74EC00CB8B0A /* Frameworks */ = {
			isa = PBXFrameworksBuildPhase;
			buildActionMask = 2147483647;
			files = (
			);
			runOnlyForDeploymentPostprocessing = 0;
		};
/* End PBXFrameworksBuildPhase section */

/* Begin PBXGroup section */
		377664C723230E4D0098EC8A /* Views */ = {
			isa = PBXGroup;
			children = (
				FA0DFFDA231E74EC00CB8B0A /* ContentView.swift */,
				378AED3323231EBF0085DFF9 /* RouteTypesView.swift */,
				378AED3523231F6A0085DFF9 /* RoutesView.swift */,
				378AED39232330650085DFF9 /* RouteView.swift */,
				378AED3B232333050085DFF9 /* StopsView.swift */,
			);
			path = Views;
			sourceTree = "<group>";
		};
		FA0DFFCA231E74EC00CB8B0A = {
			isa = PBXGroup;
			children = (
				FA0DFFD5231E74EC00CB8B0A /* SwiftPlayground */,
				FA0DFFD4231E74EC00CB8B0A /* Products */,
			);
			sourceTree = "<group>";
		};
		FA0DFFD4231E74EC00CB8B0A /* Products */ = {
			isa = PBXGroup;
			children = (
				FA0DFFD3231E74EC00CB8B0A /* SwiftPlayground.app */,
			);
			name = Products;
			sourceTree = "<group>";
		};
		FA0DFFD5231E74EC00CB8B0A /* SwiftPlayground */ = {
			isa = PBXGroup;
			children = (
				377664C723230E4D0098EC8A /* Views */,
				FA6C70422321B630007AA5C7 /* CombineModels */,
				FA6C70382321B236007AA5C7 /* PTV */,
				FA0DFFD6231E74EC00CB8B0A /* AppDelegate.swift */,
				FA0DFFD8231E74EC00CB8B0A /* SceneDelegate.swift */,
				FA0DFFDC231E74EE00CB8B0A /* Assets.xcassets */,
				FA0DFFE1231E74EE00CB8B0A /* LaunchScreen.storyboard */,
				FA0DFFE4231E74EE00CB8B0A /* Info.plist */,
				FA0DFFDE231E74EE00CB8B0A /* Preview Content */,
			);
			path = SwiftPlayground;
			sourceTree = "<group>";
		};
		FA0DFFDE231E74EE00CB8B0A /* Preview Content */ = {
			isa = PBXGroup;
			children = (
				FA0DFFDF231E74EE00CB8B0A /* Preview Assets.xcassets */,
			);
			path = "Preview Content";
			sourceTree = "<group>";
		};
		FA591F8923233A9D0066AD7A /* Fixtures */ = {
			isa = PBXGroup;
			children = (
				FA591F8A23233AB30066AD7A /* route_types.json */,
				FA591F8C23233AE40066AD7A /* routes.json */,
				FA591F8E23233B2D0066AD7A /* stops_route.json */,
				FA591F9623234DF20066AD7A /* route.json */,
			);
			path = Fixtures;
			sourceTree = "<group>";
		};
		FA6C70382321B236007AA5C7 /* PTV */ = {
			isa = PBXGroup;
			children = (
				FA591F8923233A9D0066AD7A /* Fixtures */,
				FA0DFFEA231E78A200CB8B0A /* PTV.swift */,
				FA6C70392321B24A007AA5C7 /* PTV+API.swift */,
				FA6C703B2321B25F007AA5C7 /* PTV+Models.swift */,
				FA6C703D2321B2A9007AA5C7 /* Data+hexEncodedString.swift */,
				FA591F8723233A9A0066AD7A /* PTVFixtures.swift */,
				FA591F9023233F4B0066AD7A /* Endpoint.swift */,
				FA591F9223233F860066AD7A /* PTVAPIAdapter.swift */,
				FA591F94232342040066AD7A /* PTVFixturesAdapter.swift */,
			);
			path = PTV;
			sourceTree = "<group>";
		};
		FA6C70422321B630007AA5C7 /* CombineModels */ = {
			isa = PBXGroup;
			children = (
				FA6C70432321B63A007AA5C7 /* EndpointLoader.swift */,
				FA6C703F2321B2E3007AA5C7 /* RouteTypes.swift */,
				378AED3123231E5B0085DFF9 /* Routes.swift */,
				378AED37232330200085DFF9 /* StopsOnRoute.swift */,
			);
			path = CombineModels;
			sourceTree = "<group>";
		};
/* End PBXGroup section */

/* Begin PBXNativeTarget section */
		FA0DFFD2231E74EC00CB8B0A /* SwiftPlayground */ = {
			isa = PBXNativeTarget;
			buildConfigurationList = FA0DFFE7231E74EE00CB8B0A /* Build configuration list for PBXNativeTarget "SwiftPlayground" */;
			buildPhases = (
				FA0DFFCF231E74EC00CB8B0A /* Sources */,
				FA0DFFD0231E74EC00CB8B0A /* Frameworks */,
				FA0DFFD1231E74EC00CB8B0A /* Resources */,
			);
			buildRules = (
			);
			dependencies = (
			);
			name = SwiftPlayground;
			productName = SwiftPlayground;
			productReference = FA0DFFD3231E74EC00CB8B0A /* SwiftPlayground.app */;
			productType = "com.apple.product-type.application";
		};
/* End PBXNativeTarget section */

/* Begin PBXProject section */
		FA0DFFCB231E74EC00CB8B0A /* Project object */ = {
			isa = PBXProject;
			attributes = {
				LastSwiftUpdateCheck = 1100;
				LastUpgradeCheck = 1100;
				ORGANIZATIONNAME = alex;
				TargetAttributes = {
					FA0DFFD2231E74EC00CB8B0A = {
						CreatedOnToolsVersion = 11.0;
					};
				};
			};
			buildConfigurationList = FA0DFFCE231E74EC00CB8B0A /* Build configuration list for PBXProject "SwiftPlayground" */;
			compatibilityVersion = "Xcode 9.3";
			developmentRegion = en;
			hasScannedForEncodings = 0;
			knownRegions = (
				en,
				Base,
			);
			mainGroup = FA0DFFCA231E74EC00CB8B0A;
			productRefGroup = FA0DFFD4231E74EC00CB8B0A /* Products */;
			projectDirPath = "";
			projectRoot = "";
			targets = (
				FA0DFFD2231E74EC00CB8B0A /* SwiftPlayground */,
			);
		};
/* End PBXProject section */

/* Begin PBXResourcesBuildPhase section */
		FA0DFFD1231E74EC00CB8B0A /* Resources */ = {
			isa = PBXResourcesBuildPhase;
			buildActionMask = 2147483647;
			files = (
				FA591F8D23233AE40066AD7A /* routes.json in Resources */,
				FA0DFFE3231E74EE00CB8B0A /* LaunchScreen.storyboard in Resources */,
				FA0DFFE0231E74EE00CB8B0A /* Preview Assets.xcassets in Resources */,
				FA0DFFDD231E74EE00CB8B0A /* Assets.xcassets in Resources */,
				FA591F8B23233AB30066AD7A /* route_types.json in Resources */,
				FA591F8F23233B2D0066AD7A /* stops_route.json in Resources */,
				FA591F9723234DF20066AD7A /* route.json in Resources */,
			);
			runOnlyForDeploymentPostprocessing = 0;
		};
/* End PBXResourcesBuildPhase section */

/* Begin PBXSourcesBuildPhase section */
		FA0DFFCF231E74EC00CB8B0A /* Sources */ = {
			isa = PBXSourcesBuildPhase;
			buildActionMask = 2147483647;
			files = (
				FA591F8823233A9A0066AD7A /* PTVFixtures.swift in Sources */,
				FA6C703A2321B24A007AA5C7 /* PTV+API.swift in Sources */,
				FA0DFFD7231E74EC00CB8B0A /* AppDelegate.swift in Sources */,
				FA6C703C2321B25F007AA5C7 /* PTV+Models.swift in Sources */,
				FA6C703E2321B2A9007AA5C7 /* Data+hexEncodedString.swift in Sources */,
				378AED3623231F6A0085DFF9 /* RoutesView.swift in Sources */,
				FA0DFFD9231E74EC00CB8B0A /* SceneDelegate.swift in Sources */,
				FA6C70442321B63A007AA5C7 /* EndpointLoader.swift in Sources */,
				FA0DFFEB231E78A200CB8B0A /* PTV.swift in Sources */,
				378AED3A232330650085DFF9 /* RouteView.swift in Sources */,
				378AED3223231E5B0085DFF9 /* Routes.swift in Sources */,
				FA591F9123233F4B0066AD7A /* Endpoint.swift in Sources */,
				378AED38232330200085DFF9 /* StopsOnRoute.swift in Sources */,
				378AED3C232333050085DFF9 /* StopsView.swift in Sources */,
				FA0DFFDB231E74EC00CB8B0A /* ContentView.swift in Sources */,
				FA6C70452321B7CE007AA5C7 /* RouteTypes.swift in Sources */,
				378AED3423231EBF0085DFF9 /* RouteTypesView.swift in Sources */,
				FA591F9323233F860066AD7A /* PTVAPIAdapter.swift in Sources */,
				FA591F95232342040066AD7A /* PTVFixturesAdapter.swift in Sources */,
			);
			runOnlyForDeploymentPostprocessing = 0;
		};
/* End PBXSourcesBuildPhase section */

/* Begin PBXVariantGroup section */
		FA0DFFE1231E74EE00CB8B0A /* LaunchScreen.storyboard */ = {
			isa = PBXVariantGroup;
			children = (
				FA0DFFE2231E74EE00CB8B0A /* Base */,
			);
			name = LaunchScreen.storyboard;
			sourceTree = "<group>";
		};
/* End PBXVariantGroup section */

/* Begin XCBuildConfiguration section */
		FA0DFFE5231E74EE00CB8B0A /* Debug */ = {
			isa = XCBuildConfiguration;
			buildSettings = {
				ALWAYS_SEARCH_USER_PATHS = NO;
				CLANG_ANALYZER_NONNULL = YES;
				CLANG_ANALYZER_NUMBER_OBJECT_CONVERSION = YES_AGGRESSIVE;
				CLANG_CXX_LANGUAGE_STANDARD = "gnu++14";
				CLANG_CXX_LIBRARY = "libc++";
				CLANG_ENABLE_MODULES = YES;
				CLANG_ENABLE_OBJC_ARC = YES;
				CLANG_ENABLE_OBJC_WEAK = YES;
				CLANG_WARN_BLOCK_CAPTURE_AUTORELEASING = YES;
				CLANG_WARN_BOOL_CONVERSION = YES;
				CLANG_WARN_COMMA = YES;
				CLANG_WARN_CONSTANT_CONVERSION = YES;
				CLANG_WARN_DEPRECATED_OBJC_IMPLEMENTATIONS = YES;
				CLANG_WARN_DIRECT_OBJC_ISA_USAGE = YES_ERROR;
				CLANG_WARN_DOCUMENTATION_COMMENTS = YES;
				CLANG_WARN_EMPTY_BODY = YES;
				CLANG_WARN_ENUM_CONVERSION = YES;
				CLANG_WARN_INFINITE_RECURSION = YES;
				CLANG_WARN_INT_CONVERSION = YES;
				CLANG_WARN_NON_LITERAL_NULL_CONVERSION = YES;
				CLANG_WARN_OBJC_IMPLICIT_RETAIN_SELF = YES;
				CLANG_WARN_OBJC_LITERAL_CONVERSION = YES;
				CLANG_WARN_OBJC_ROOT_CLASS = YES_ERROR;
				CLANG_WARN_RANGE_LOOP_ANALYSIS = YES;
				CLANG_WARN_STRICT_PROTOTYPES = YES;
				CLANG_WARN_SUSPICIOUS_MOVE = YES;
				CLANG_WARN_UNGUARDED_AVAILABILITY = YES_AGGRESSIVE;
				CLANG_WARN_UNREACHABLE_CODE = YES;
				CLANG_WARN__DUPLICATE_METHOD_MATCH = YES;
				COPY_PHASE_STRIP = NO;
				DEBUG_INFORMATION_FORMAT = dwarf;
				ENABLE_STRICT_OBJC_MSGSEND = YES;
				ENABLE_TESTABILITY = YES;
				GCC_C_LANGUAGE_STANDARD = gnu11;
				GCC_DYNAMIC_NO_PIC = NO;
				GCC_NO_COMMON_BLOCKS = YES;
				GCC_OPTIMIZATION_LEVEL = 0;
				GCC_PREPROCESSOR_DEFINITIONS = (
					"DEBUG=1",
					"$(inherited)",
				);
				GCC_WARN_64_TO_32_BIT_CONVERSION = YES;
				GCC_WARN_ABOUT_RETURN_TYPE = YES_ERROR;
				GCC_WARN_UNDECLARED_SELECTOR = YES;
				GCC_WARN_UNINITIALIZED_AUTOS = YES_AGGRESSIVE;
				GCC_WARN_UNUSED_FUNCTION = YES;
				GCC_WARN_UNUSED_VARIABLE = YES;
				IPHONEOS_DEPLOYMENT_TARGET = 13.0;
				MTL_ENABLE_DEBUG_INFO = INCLUDE_SOURCE;
				MTL_FAST_MATH = YES;
				ONLY_ACTIVE_ARCH = YES;
				SDKROOT = iphoneos;
				SWIFT_ACTIVE_COMPILATION_CONDITIONS = DEBUG;
				SWIFT_OPTIMIZATION_LEVEL = "-Onone";
			};
			name = Debug;
		};
		FA0DFFE6231E74EE00CB8B0A /* Release */ = {
			isa = XCBuildConfiguration;
			buildSettings = {
				ALWAYS_SEARCH_USER_PATHS = NO;
				CLANG_ANALYZER_NONNULL = YES;
				CLANG_ANALYZER_NUMBER_OBJECT_CONVERSION = YES_AGGRESSIVE;
				CLANG_CXX_LANGUAGE_STANDARD = "gnu++14";
				CLANG_CXX_LIBRARY = "libc++";
				CLANG_ENABLE_MODULES = YES;
				CLANG_ENABLE_OBJC_ARC = YES;
				CLANG_ENABLE_OBJC_WEAK = YES;
				CLANG_WARN_BLOCK_CAPTURE_AUTORELEASING = YES;
				CLANG_WARN_BOOL_CONVERSION = YES;
				CLANG_WARN_COMMA = YES;
				CLANG_WARN_CONSTANT_CONVERSION = YES;
				CLANG_WARN_DEPRECATED_OBJC_IMPLEMENTATIONS = YES;
				CLANG_WARN_DIRECT_OBJC_ISA_USAGE = YES_ERROR;
				CLANG_WARN_DOCUMENTATION_COMMENTS = YES;
				CLANG_WARN_EMPTY_BODY = YES;
				CLANG_WARN_ENUM_CONVERSION = YES;
				CLANG_WARN_INFINITE_RECURSION = YES;
				CLANG_WARN_INT_CONVERSION = YES;
				CLANG_WARN_NON_LITERAL_NULL_CONVERSION = YES;
				CLANG_WARN_OBJC_IMPLICIT_RETAIN_SELF = YES;
				CLANG_WARN_OBJC_LITERAL_CONVERSION = YES;
				CLANG_WARN_OBJC_ROOT_CLASS = YES_ERROR;
				CLANG_WARN_RANGE_LOOP_ANALYSIS = YES;
				CLANG_WARN_STRICT_PROTOTYPES = YES;
				CLANG_WARN_SUSPICIOUS_MOVE = YES;
				CLANG_WARN_UNGUARDED_AVAILABILITY = YES_AGGRESSIVE;
				CLANG_WARN_UNREACHABLE_CODE = YES;
				CLANG_WARN__DUPLICATE_METHOD_MATCH = YES;
				COPY_PHASE_STRIP = NO;
				DEBUG_INFORMATION_FORMAT = "dwarf-with-dsym";
				ENABLE_NS_ASSERTIONS = NO;
				ENABLE_STRICT_OBJC_MSGSEND = YES;
				GCC_C_LANGUAGE_STANDARD = gnu11;
				GCC_NO_COMMON_BLOCKS = YES;
				GCC_WARN_64_TO_32_BIT_CONVERSION = YES;
				GCC_WARN_ABOUT_RETURN_TYPE = YES_ERROR;
				GCC_WARN_UNDECLARED_SELECTOR = YES;
				GCC_WARN_UNINITIALIZED_AUTOS = YES_AGGRESSIVE;
				GCC_WARN_UNUSED_FUNCTION = YES;
				GCC_WARN_UNUSED_VARIABLE = YES;
				IPHONEOS_DEPLOYMENT_TARGET = 13.0;
				MTL_ENABLE_DEBUG_INFO = NO;
				MTL_FAST_MATH = YES;
				SDKROOT = iphoneos;
				SWIFT_COMPILATION_MODE = wholemodule;
				SWIFT_OPTIMIZATION_LEVEL = "-O";
				VALIDATE_PRODUCT = YES;
			};
			name = Release;
		};
		FA0DFFE8231E74EE00CB8B0A /* Debug */ = {
			isa = XCBuildConfiguration;
			buildSettings = {
				ASSETCATALOG_COMPILER_APPICON_NAME = AppIcon;
				CODE_SIGN_STYLE = Automatic;
				DEVELOPMENT_ASSET_PATHS = "\"SwiftPlayground/Preview Content\"";
				DEVELOPMENT_TEAM = FEJ5XMJNYM;
				ENABLE_PREVIEWS = YES;
				INFOPLIST_FILE = SwiftPlayground/Info.plist;
				LD_RUNPATH_SEARCH_PATHS = (
					"$(inherited)",
					"@executable_path/Frameworks",
				);
				PRODUCT_BUNDLE_IDENTIFIER = com.stonehouse.SwiftPlayground;
				PRODUCT_NAME = "$(TARGET_NAME)";
				SWIFT_VERSION = 5.0;
				TARGETED_DEVICE_FAMILY = "1,2";
			};
			name = Debug;
		};
		FA0DFFE9231E74EE00CB8B0A /* Release */ = {
			isa = XCBuildConfiguration;
			buildSettings = {
				ASSETCATALOG_COMPILER_APPICON_NAME = AppIcon;
				CODE_SIGN_STYLE = Automatic;
				DEVELOPMENT_ASSET_PATHS = "\"SwiftPlayground/Preview Content\"";
				DEVELOPMENT_TEAM = FEJ5XMJNYM;
				ENABLE_PREVIEWS = YES;
				INFOPLIST_FILE = SwiftPlayground/Info.plist;
				LD_RUNPATH_SEARCH_PATHS = (
					"$(inherited)",
					"@executable_path/Frameworks",
				);
				PRODUCT_BUNDLE_IDENTIFIER = com.stonehouse.SwiftPlayground;
				PRODUCT_NAME = "$(TARGET_NAME)";
				SWIFT_VERSION = 5.0;
				TARGETED_DEVICE_FAMILY = "1,2";
			};
			name = Release;
		};
/* End XCBuildConfiguration section */

/* Begin XCConfigurationList section */
		FA0DFFCE231E74EC00CB8B0A /* Build configuration list for PBXProject "SwiftPlayground" */ = {
			isa = XCConfigurationList;
			buildConfigurations = (
				FA0DFFE5231E74EE00CB8B0A /* Debug */,
				FA0DFFE6231E74EE00CB8B0A /* Release */,
			);
			defaultConfigurationIsVisible = 0;
			defaultConfigurationName = Release;
		};
		FA0DFFE7231E74EE00CB8B0A /* Build configuration list for PBXNativeTarget "SwiftPlayground" */ = {
			isa = XCConfigurationList;
			buildConfigurations = (
				FA0DFFE8231E74EE00CB8B0A /* Debug */,
				FA0DFFE9231E74EE00CB8B0A /* Release */,
			);
			defaultConfigurationIsVisible = 0;
			defaultConfigurationName = Release;
		};
/* End XCConfigurationList section */
	};
	rootObject = FA0DFFCB231E74EC00CB8B0A /* Project object */;
}
